
Microsoft Visual Studio Solution File, Format Version 12.00
Project("{FAE04EC0-301F-11D3-BF4B-00C04F79EFBC}") = "MapService.Domain", "Task-1\MapService.Domain\MapService.Domain.csproj", "{A2A28A51-4354-4CA2-A568-0BC310CAB2A8}"
EndProject
Project("{FAE04EC0-301F-11D3-BF4B-00C04F79EFBC}") = "MapService.Tests", "Task-1\MapService.Tests\MapService.Tests.csproj", "{41EA8CA8-3A14-42E5-A0E2-EFF3A736DCC2}"
EndProject
Project("{FAE04EC0-301F-11D3-BF4B-00C04F79EFBC}") = "ConsoleApp", "Task-1\ConsoleApp\ConsoleApp.csproj", "{6012EDE9-E1A9-46BE-AC0B-EC97797CFB2E}"
EndProject
Project("{2150E333-8FDC-42A3-9474-1A3956D46DE8}") = "Task-1", "Task-1", "{E960A1CC-13B2-48DD-8FBD-955ECE1543D8}"
EndProject
Project("{2150E333-8FDC-42A3-9474-1A3956D46DE8}") = "Task-2", "Task-2", "{1C2CC938-BDC0-4FF6-A2C2-09DEDD4BBDEF}"
EndProject
Project("{FAE04EC0-301F-11D3-BF4B-00C04F79EFBC}") = "MapService.Domain", "Task-2\MapService.Domain\MapService.Domain.csproj", "{5686C760-34B5-4517-8BFB-66E8D77EB0DC}"
EndProject
Project("{FAE04EC0-301F-11D3-BF4B-00C04F79EFBC}") = "MapService.Application", "Task-2\MapService.Application\MapService.Application.csproj", "{3A6DE18C-4D85-457B-A6D9-6AF50B0423E8}"
EndProject
Project("{FAE04EC0-301F-11D3-BF4B-00C04F79EFBC}") = "MapService.Infrastructure", "Task-2\MapService.Infrastructure\MapService.Infrastructure.csproj", "{DC45205B-F1EA-49B0-A7FA-1ACA32C8B85C}"
EndProject
Project("{FAE04EC0-301F-11D3-BF4B-00C04F79EFBC}") = "MapService.Tests", "Task-2\MapService.Tests\MapService.Tests.csproj", "{C202623A-D585-481F-B8A8-0A9A1EEBE879}"
EndProject
Project("{FAE04EC0-301F-11D3-BF4B-00C04F79EFBC}") = "Helpers", "Task-2\Helpers\Helpers.csproj", "{9BF22231-FA47-4D48-8D4C-29D482BB756C}"
EndProject
Project("{2150E333-8FDC-42A3-9474-1A3956D46DE8}") = "Task-3", "Task-3", "{7E1A1CC6-49CD-416D-87B6-2C7B838C61D5}"
EndProject
Project("{FAE04EC0-301F-11D3-BF4B-00C04F79EFBC}") = "MapService.Domain", "Task-3\MapService.Domain\MapService.Domain.csproj", "{F2D1713E-CA9E-48AA-9897-7670C9C5BB46}"
EndProject
Project("{FAE04EC0-301F-11D3-BF4B-00C04F79EFBC}") = "MapService.Tests", "Task-3\MapService.Tests\MapService.Tests.csproj", "{8FB151C5-5B16-4420-8201-AFE15652A21A}"
EndProject
Global
	GlobalSection(SolutionConfigurationPlatforms) = preSolution
		Debug|Any CPU = Debug|Any CPU
		Release|Any CPU = Release|Any CPU
	EndGlobalSection
	GlobalSection(ProjectConfigurationPlatforms) = postSolution
		{A2A28A51-4354-4CA2-A568-0BC310CAB2A8}.Debug|Any CPU.ActiveCfg = Debug|Any CPU
		{A2A28A51-4354-4CA2-A568-0BC310CAB2A8}.Debug|Any CPU.Build.0 = Debug|Any CPU
		{A2A28A51-4354-4CA2-A568-0BC310CAB2A8}.Release|Any CPU.ActiveCfg = Release|Any CPU
		{A2A28A51-4354-4CA2-A568-0BC310CAB2A8}.Release|Any CPU.Build.0 = Release|Any CPU
		{41EA8CA8-3A14-42E5-A0E2-EFF3A736DCC2}.Debug|Any CPU.ActiveCfg = Debug|Any CPU
		{41EA8CA8-3A14-42E5-A0E2-EFF3A736DCC2}.Debug|Any CPU.Build.0 = Debug|Any CPU
		{41EA8CA8-3A14-42E5-A0E2-EFF3A736DCC2}.Release|Any CPU.ActiveCfg = Release|Any CPU
		{41EA8CA8-3A14-42E5-A0E2-EFF3A736DCC2}.Release|Any CPU.Build.0 = Release|Any CPU
		{6012EDE9-E1A9-46BE-AC0B-EC97797CFB2E}.Debug|Any CPU.ActiveCfg = Debug|Any CPU
		{6012EDE9-E1A9-46BE-AC0B-EC97797CFB2E}.Debug|Any CPU.Build.0 = Debug|Any CPU
		{6012EDE9-E1A9-46BE-AC0B-EC97797CFB2E}.Release|Any CPU.ActiveCfg = Release|Any CPU
		{6012EDE9-E1A9-46BE-AC0B-EC97797CFB2E}.Release|Any CPU.Build.0 = Release|Any CPU
		{5686C760-34B5-4517-8BFB-66E8D77EB0DC}.Debug|Any CPU.ActiveCfg = Debug|Any CPU
		{5686C760-34B5-4517-8BFB-66E8D77EB0DC}.Debug|Any CPU.Build.0 = Debug|Any CPU
		{5686C760-34B5-4517-8BFB-66E8D77EB0DC}.Release|Any CPU.ActiveCfg = Release|Any CPU
		{5686C760-34B5-4517-8BFB-66E8D77EB0DC}.Release|Any CPU.Build.0 = Release|Any CPU
		{3A6DE18C-4D85-457B-A6D9-6AF50B0423E8}.Debug|Any CPU.ActiveCfg = Debug|Any CPU
		{3A6DE18C-4D85-457B-A6D9-6AF50B0423E8}.Debug|Any CPU.Build.0 = Debug|Any CPU
		{3A6DE18C-4D85-457B-A6D9-6AF50B0423E8}.Release|Any CPU.ActiveCfg = Release|Any CPU
		{3A6DE18C-4D85-457B-A6D9-6AF50B0423E8}.Release|Any CPU.Build.0 = Release|Any CPU
		{DC45205B-F1EA-49B0-A7FA-1ACA32C8B85C}.Debug|Any CPU.ActiveCfg = Debug|Any CPU
		{DC45205B-F1EA-49B0-A7FA-1ACA32C8B85C}.Debug|Any CPU.Build.0 = Debug|Any CPU
		{DC45205B-F1EA-49B0-A7FA-1ACA32C8B85C}.Release|Any CPU.ActiveCfg = Release|Any CPU
		{DC45205B-F1EA-49B0-A7FA-1ACA32C8B85C}.Release|Any CPU.Build.0 = Release|Any CPU
		{C202623A-D585-481F-B8A8-0A9A1EEBE879}.Debug|Any CPU.ActiveCfg = Debug|Any CPU
		{C202623A-D585-481F-B8A8-0A9A1EEBE879}.Debug|Any CPU.Build.0 = Debug|Any CPU
		{C202623A-D585-481F-B8A8-0A9A1EEBE879}.Release|Any CPU.ActiveCfg = Release|Any CPU
		{C202623A-D585-481F-B8A8-0A9A1EEBE879}.Release|Any CPU.Build.0 = Release|Any CPU
		{9BF22231-FA47-4D48-8D4C-29D482BB756C}.Debug|Any CPU.ActiveCfg = Debug|Any CPU
		{9BF22231-FA47-4D48-8D4C-29D482BB756C}.Debug|Any CPU.Build.0 = Debug|Any CPU
		{9BF22231-FA47-4D48-8D4C-29D482BB756C}.Release|Any CPU.ActiveCfg = Release|Any CPU
		{9BF22231-FA47-4D48-8D4C-29D482BB756C}.Release|Any CPU.Build.0 = Release|Any CPU
		{F2D1713E-CA9E-48AA-9897-7670C9C5BB46}.Debug|Any CPU.ActiveCfg = Debug|Any CPU
		{F2D1713E-CA9E-48AA-9897-7670C9C5BB46}.Debug|Any CPU.Build.0 = Debug|Any CPU
		{F2D1713E-CA9E-48AA-9897-7670C9C5BB46}.Release|Any CPU.ActiveCfg = Release|Any CPU
		{F2D1713E-CA9E-48AA-9897-7670C9C5BB46}.Release|Any CPU.Build.0 = Release|Any CPU
		{8FB151C5-5B16-4420-8201-AFE15652A21A}.Debug|Any CPU.ActiveCfg = Debug|Any CPU
		{8FB151C5-5B16-4420-8201-AFE15652A21A}.Debug|Any CPU.Build.0 = Debug|Any CPU
		{8FB151C5-5B16-4420-8201-AFE15652A21A}.Release|Any CPU.ActiveCfg = Release|Any CPU
		{8FB151C5-5B16-4420-8201-AFE15652A21A}.Release|Any CPU.Build.0 = Release|Any CPU
	EndGlobalSection
	GlobalSection(NestedProjects) = preSolution
		{6012EDE9-E1A9-46BE-AC0B-EC97797CFB2E} = {E960A1CC-13B2-48DD-8FBD-955ECE1543D8}
		{A2A28A51-4354-4CA2-A568-0BC310CAB2A8} = {E960A1CC-13B2-48DD-8FBD-955ECE1543D8}
		{41EA8CA8-3A14-42E5-A0E2-EFF3A736DCC2} = {E960A1CC-13B2-48DD-8FBD-955ECE1543D8}
		{5686C760-34B5-4517-8BFB-66E8D77EB0DC} = {1C2CC938-BDC0-4FF6-A2C2-09DEDD4BBDEF}
		{3A6DE18C-4D85-457B-A6D9-6AF50B0423E8} = {1C2CC938-BDC0-4FF6-A2C2-09DEDD4BBDEF}
		{DC45205B-F1EA-49B0-A7FA-1ACA32C8B85C} = {1C2CC938-BDC0-4FF6-A2C2-09DEDD4BBDEF}
		{C202623A-D585-481F-B8A8-0A9A1EEBE879} = {1C2CC938-BDC0-4FF6-A2C2-09DEDD4BBDEF}
		{9BF22231-FA47-4D48-8D4C-29D482BB756C} = {1C2CC938-BDC0-4FF6-A2C2-09DEDD4BBDEF}
		{F2D1713E-CA9E-48AA-9897-7670C9C5BB46} = {7E1A1CC6-49CD-416D-87B6-2C7B838C61D5}
		{8FB151C5-5B16-4420-8201-AFE15652A21A} = {7E1A1CC6-49CD-416D-87B6-2C7B838C61D5}
	EndGlobalSection
EndGlobal
